
Microsoft Visual Studio Solution File, Format Version 12.00
# Visual Studio 2013
VisualStudioVersion = 12.0.20623.1 VSUPREVIEW
MinimumVisualStudioVersion = 10.0.40219.1
Project("{FAE04EC0-301F-11D3-BF4B-00C04F79EFBC}") = "Tiny Organisation CRM", "Tiny Organisation CRM.csproj", "{8E08D079-F456-41F5-BFCF-5601DC8030AA}"
EndProject
Project("{FAE04EC0-301F-11D3-BF4B-00C04F79EFBC}") = "Tiny Organisation CRM - Test", "..\fa-organisation-test\Tiny Organisation CRM - Test.csproj", "{F5DF41A1-0A24-44C0-A6C0-DF9118B7A85D}"
EndProject
Project("{8BC9CEB8-8B4A-11D0-8D11-00A0C91BC942}") = "TinyOrganisationCRMC", "..\..\C-Test\TinyOrganisationCRMC\TinyOrganisationCRMC.vcxproj", "{9D252448-AD96-4462-A49A-4465C31AB4A0}"
EndProject
Global
	GlobalSection(SolutionConfigurationPlatforms) = preSolution
		Debug|Any CPU = Debug|Any CPU
		Debug|Mixed Platforms = Debug|Mixed Platforms
		Debug|Win32 = Debug|Win32
		Debug|x86 = Debug|x86
		Release|Any CPU = Release|Any CPU
		Release|Mixed Platforms = Release|Mixed Platforms
		Release|Win32 = Release|Win32
		Release|x86 = Release|x86
	EndGlobalSection
	GlobalSection(ProjectConfigurationPlatforms) = postSolution
		{8E08D079-F456-41F5-BFCF-5601DC8030AA}.Debug|Any CPU.ActiveCfg = Debug|x86
		{8E08D079-F456-41F5-BFCF-5601DC8030AA}.Debug|Mixed Platforms.ActiveCfg = Debug|x86
		{8E08D079-F456-41F5-BFCF-5601DC8030AA}.Debug|Mixed Platforms.Build.0 = Debug|x86
		{8E08D079-F456-41F5-BFCF-5601DC8030AA}.Debug|Win32.ActiveCfg = Debug|x86
		{8E08D079-F456-41F5-BFCF-5601DC8030AA}.Debug|Win32.Build.0 = Debug|x86
		{8E08D079-F456-41F5-BFCF-5601DC8030AA}.Debug|x86.ActiveCfg = Debug|x86
		{8E08D079-F456-41F5-BFCF-5601DC8030AA}.Debug|x86.Build.0 = Debug|x86
		{8E08D079-F456-41F5-BFCF-5601DC8030AA}.Release|Any CPU.ActiveCfg = Release|x86
		{8E08D079-F456-41F5-BFCF-5601DC8030AA}.Release|Mixed Platforms.ActiveCfg = Release|x86
		{8E08D079-F456-41F5-BFCF-5601DC8030AA}.Release|Mixed Platforms.Build.0 = Release|x86
		{8E08D079-F456-41F5-BFCF-5601DC8030AA}.Release|Win32.ActiveCfg = Release|x86
		{8E08D079-F456-41F5-BFCF-5601DC8030AA}.Release|Win32.Build.0 = Release|x86
		{8E08D079-F456-41F5-BFCF-5601DC8030AA}.Release|x86.ActiveCfg = Release|x86
		{8E08D079-F456-41F5-BFCF-5601DC8030AA}.Release|x86.Build.0 = Release|x86
		{F5DF41A1-0A24-44C0-A6C0-DF9118B7A85D}.Debug|Any CPU.ActiveCfg = Debug|Any CPU
		{F5DF41A1-0A24-44C0-A6C0-DF9118B7A85D}.Debug|Any CPU.Build.0 = Debug|Any CPU
		{F5DF41A1-0A24-44C0-A6C0-DF9118B7A85D}.Debug|Mixed Platforms.ActiveCfg = Debug|Any CPU
		{F5DF41A1-0A24-44C0-A6C0-DF9118B7A85D}.Debug|Mixed Platforms.Build.0 = Debug|Any CPU
		{F5DF41A1-0A24-44C0-A6C0-DF9118B7A85D}.Debug|Win32.ActiveCfg = Debug|Any CPU
		{F5DF41A1-0A24-44C0-A6C0-DF9118B7A85D}.Debug|x86.ActiveCfg = Debug|Any CPU
		{F5DF41A1-0A24-44C0-A6C0-DF9118B7A85D}.Release|Any CPU.ActiveCfg = Release|Any CPU
		{F5DF41A1-0A24-44C0-A6C0-DF9118B7A85D}.Release|Any CPU.Build.0 = Release|Any CPU
		{F5DF41A1-0A24-44C0-A6C0-DF9118B7A85D}.Release|Mixed Platforms.ActiveCfg = Release|Any CPU
		{F5DF41A1-0A24-44C0-A6C0-DF9118B7A85D}.Release|Mixed Platforms.Build.0 = Release|Any CPU
		{F5DF41A1-0A24-44C0-A6C0-DF9118B7A85D}.Release|Win32.ActiveCfg = Release|Any CPU
		{F5DF41A1-0A24-44C0-A6C0-DF9118B7A85D}.Release|x86.ActiveCfg = Release|Any CPU
		{9D252448-AD96-4462-A49A-4465C31AB4A0}.Debug|Any CPU.ActiveCfg = Debug|Win32
		{9D252448-AD96-4462-A49A-4465C31AB4A0}.Debug|Mixed Platforms.ActiveCfg = Debug|Win32
		{9D252448-AD96-4462-A49A-4465C31AB4A0}.Debug|Mixed Platforms.Build.0 = Debug|Win32
		{9D252448-AD96-4462-A49A-4465C31AB4A0}.Debug|Win32.ActiveCfg = Debug|Win32
		{9D252448-AD96-4462-A49A-4465C31AB4A0}.Debug|Win32.Build.0 = Debug|Win32
		{9D252448-AD96-4462-A49A-4465C31AB4A0}.Debug|x86.ActiveCfg = Debug|Win32
		{9D252448-AD96-4462-A49A-4465C31AB4A0}.Debug|x86.Build.0 = Debug|Win32
		{9D252448-AD96-4462-A49A-4465C31AB4A0}.Release|Any CPU.ActiveCfg = Release|Win32
		{9D252448-AD96-4462-A49A-4465C31AB4A0}.Release|Mixed Platforms.ActiveCfg = Release|Win32
		{9D252448-AD96-4462-A49A-4465C31AB4A0}.Release|Mixed Platforms.Build.0 = Release|Win32
		{9D252448-AD96-4462-A49A-4465C31AB4A0}.Release|Win32.ActiveCfg = Release|Win32
		{9D252448-AD96-4462-A49A-4465C31AB4A0}.Release|Win32.Build.0 = Release|Win32
		{9D252448-AD96-4462-A49A-4465C31AB4A0}.Release|x86.ActiveCfg = Release|Win32
		{9D252448-AD96-4462-A49A-4465C31AB4A0}.Release|x86.Build.0 = Release|Win32
	EndGlobalSection
	GlobalSection(SolutionProperties) = preSolution
		HideSolutionNode = FALSE
	EndGlobalSection
	GlobalSection(Performance) = preSolution
		HasPerformanceSessions = true
	EndGlobalSection
EndGlobal
